
Microsoft Visual Studio Solution File, Format Version 12.00
# Visual Studio 15
VisualStudioVersion = 15.0.27130.2010
MinimumVisualStudioVersion = 10.0.40219.1
Project("{FAE04EC0-301F-11D3-BF4B-00C04F79EFBC}") = "LennyFace", "LennyFace\LennyFace.csproj", "{B9A51179-CF07-4328-A1BC-1AFCD9CB84C9}"
EndProject
Global
	GlobalSection(SolutionConfigurationPlatforms) = preSolution
		Debug|Any CPU = Debug|Any CPU
		Release|Any CPU = Release|Any CPU
	EndGlobalSection
	GlobalSection(ProjectConfigurationPlatforms) = postSolution
		{B9A51179-CF07-4328-A1BC-1AFCD9CB84C9}.Debug|Any CPU.ActiveCfg = Debug|Any CPU
		{B9A51179-CF07-4328-A1BC-1AFCD9CB84C9}.Debug|Any CPU.Build.0 = Debug|Any CPU
		{B9A51179-CF07-4328-A1BC-1AFCD9CB84C9}.Release|Any CPU.ActiveCfg = Release|Any CPU
		{B9A51179-CF07-4328-A1BC-1AFCD9CB84C9}.Release|Any CPU.Build.0 = Release|Any CPU
	EndGlobalSection
	GlobalSection(SolutionProperties) = preSolution
		HideSolutionNode = FALSE
	EndGlobalSection
	GlobalSection(ExtensibilityGlobals) = postSolution
		SolutionGuid = {5D59523F-6EC6-495A-B448-98C23DDA8B5A}
	EndGlobalSection
EndGlobal
